
Microsoft Visual Studio Solution File, Format Version 12.00
# Visual Studio 15
Project("{FAE04EC0-301F-11D3-BF4B-00C04F79EFBC}") = "Assembly-CSharp", "Assembly-CSharp.csproj", "{9F7DF0DD-D7B7-B09D-71ED-AB80290639D8}"
EndProject
Project("{FAE04EC0-301F-11D3-BF4B-00C04F79EFBC}") = "Assembly-CSharp-firstpass", "Assembly-CSharp-firstpass.csproj", "{B6929080-3514-6116-29DA-0117FD63007B}"
EndProject
Project("{FAE04EC0-301F-11D3-BF4B-00C04F79EFBC}") = "Assembly-CSharp-Editor-firstpass", "Assembly-CSharp-Editor-firstpass.csproj", "{F29EDA00-9283-C208-2B6D-59916436DFCC}"
EndProject
Global
	GlobalSection(SolutionConfigurationPlatforms) = preSolution
		Debug|Any CPU = Debug|Any CPU
		Release|Any CPU = Release|Any CPU
	EndGlobalSection
	GlobalSection(ProjectConfigurationPlatforms) = postSolution
		{9F7DF0DD-D7B7-B09D-71ED-AB80290639D8}.Debug|Any CPU.ActiveCfg = Debug|Any CPU
		{9F7DF0DD-D7B7-B09D-71ED-AB80290639D8}.Debug|Any CPU.Build.0 = Debug|Any CPU
		{9F7DF0DD-D7B7-B09D-71ED-AB80290639D8}.Release|Any CPU.ActiveCfg = Release|Any CPU
		{9F7DF0DD-D7B7-B09D-71ED-AB80290639D8}.Release|Any CPU.Build.0 = Release|Any CPU
		{B6929080-3514-6116-29DA-0117FD63007B}.Debug|Any CPU.ActiveCfg = Debug|Any CPU
		{B6929080-3514-6116-29DA-0117FD63007B}.Debug|Any CPU.Build.0 = Debug|Any CPU
		{B6929080-3514-6116-29DA-0117FD63007B}.Release|Any CPU.ActiveCfg = Release|Any CPU
		{B6929080-3514-6116-29DA-0117FD63007B}.Release|Any CPU.Build.0 = Release|Any CPU
		{F29EDA00-9283-C208-2B6D-59916436DFCC}.Debug|Any CPU.ActiveCfg = Debug|Any CPU
		{F29EDA00-9283-C208-2B6D-59916436DFCC}.Debug|Any CPU.Build.0 = Debug|Any CPU
		{F29EDA00-9283-C208-2B6D-59916436DFCC}.Release|Any CPU.ActiveCfg = Release|Any CPU
		{F29EDA00-9283-C208-2B6D-59916436DFCC}.Release|Any CPU.Build.0 = Release|Any CPU
	EndGlobalSection
	GlobalSection(SolutionProperties) = preSolution
		HideSolutionNode = FALSE
	EndGlobalSection
EndGlobal
